
Microsoft Visual Studio Solution File, Format Version 12.00
# Visual Studio 15
VisualStudioVersion = 15.0.28307.168
MinimumVisualStudioVersion = 10.0.40219.1
Project("{FAE04EC0-301F-11D3-BF4B-00C04F79EFBC}") = "Intro WebAPI", "Intro WebAPI\Intro WebAPI.csproj", "{81862B9E-AF31-4BDA-A5AF-B338FE6072D7}"
EndProject
Global
	GlobalSection(SolutionConfigurationPlatforms) = preSolution
		Debug|Any CPU = Debug|Any CPU
		Release|Any CPU = Release|Any CPU
	EndGlobalSection
	GlobalSection(ProjectConfigurationPlatforms) = postSolution
		{81862B9E-AF31-4BDA-A5AF-B338FE6072D7}.Debug|Any CPU.ActiveCfg = Debug|Any CPU
		{81862B9E-AF31-4BDA-A5AF-B338FE6072D7}.Debug|Any CPU.Build.0 = Debug|Any CPU
		{81862B9E-AF31-4BDA-A5AF-B338FE6072D7}.Release|Any CPU.ActiveCfg = Release|Any CPU
		{81862B9E-AF31-4BDA-A5AF-B338FE6072D7}.Release|Any CPU.Build.0 = Release|Any CPU
	EndGlobalSection
	GlobalSection(SolutionProperties) = preSolution
		HideSolutionNode = FALSE
	EndGlobalSection
	GlobalSection(ExtensibilityGlobals) = postSolution
		SolutionGuid = {0EE8A810-CA10-410A-892D-DA07259CC32C}
	EndGlobalSection
EndGlobal
